
Microsoft Visual Studio Solution File, Format Version 12.00
# Visual Studio Version 16
VisualStudioVersion = 16.0.29709.97
MinimumVisualStudioVersion = 10.0.40219.1
Project("{FAE04EC0-301F-11D3-BF4B-00C04F79EFBC}") = "PracticeWebsite2", "PracticeWebsite2\PracticeWebsite2.csproj", "{A44E256E-5BFC-4AC7-BD76-BC116AF0BC75}"
EndProject
Global
	GlobalSection(SolutionConfigurationPlatforms) = preSolution
		Debug|Any CPU = Debug|Any CPU
		Release|Any CPU = Release|Any CPU
	EndGlobalSection
	GlobalSection(ProjectConfigurationPlatforms) = postSolution
		{A44E256E-5BFC-4AC7-BD76-BC116AF0BC75}.Debug|Any CPU.ActiveCfg = Debug|Any CPU
		{A44E256E-5BFC-4AC7-BD76-BC116AF0BC75}.Debug|Any CPU.Build.0 = Debug|Any CPU
		{A44E256E-5BFC-4AC7-BD76-BC116AF0BC75}.Release|Any CPU.ActiveCfg = Release|Any CPU
		{A44E256E-5BFC-4AC7-BD76-BC116AF0BC75}.Release|Any CPU.Build.0 = Release|Any CPU
	EndGlobalSection
	GlobalSection(SolutionProperties) = preSolution
		HideSolutionNode = FALSE
	EndGlobalSection
	GlobalSection(ExtensibilityGlobals) = postSolution
		SolutionGuid = {FECC961D-4836-40BE-A775-86213CC57584}
	EndGlobalSection
EndGlobal
