
Microsoft Visual Studio Solution File, Format Version 12.00
# Visual Studio Version 16
VisualStudioVersion = 16.0.29709.97
MinimumVisualStudioVersion = 10.0.40219.1
Project("{FAE04EC0-301F-11D3-BF4B-00C04F79EFBC}") = "PracticeSite", "PracticeSite\PracticeSite.csproj", "{5731A469-7D18-4E1B-BBD3-C040E8ADDE64}"
EndProject
Global
	GlobalSection(SolutionConfigurationPlatforms) = preSolution
		Debug|Any CPU = Debug|Any CPU
		Release|Any CPU = Release|Any CPU
	EndGlobalSection
	GlobalSection(ProjectConfigurationPlatforms) = postSolution
		{5731A469-7D18-4E1B-BBD3-C040E8ADDE64}.Debug|Any CPU.ActiveCfg = Debug|Any CPU
		{5731A469-7D18-4E1B-BBD3-C040E8ADDE64}.Debug|Any CPU.Build.0 = Debug|Any CPU
		{5731A469-7D18-4E1B-BBD3-C040E8ADDE64}.Release|Any CPU.ActiveCfg = Release|Any CPU
		{5731A469-7D18-4E1B-BBD3-C040E8ADDE64}.Release|Any CPU.Build.0 = Release|Any CPU
	EndGlobalSection
	GlobalSection(SolutionProperties) = preSolution
		HideSolutionNode = FALSE
	EndGlobalSection
	GlobalSection(ExtensibilityGlobals) = postSolution
		SolutionGuid = {F62B8E49-D9E6-432D-913C-34D8F44AB56D}
	EndGlobalSection
EndGlobal
